
Microsoft Visual Studio Solution File, Format Version 12.00
# Visual Studio Version 16
VisualStudioVersion = 16.0.28729.10
MinimumVisualStudioVersion = 10.0.40219.1
Project("{9A19103F-16F7-4668-BE54-9A1E7A4F7556}") = "OLBIL.OncologyWebApp", "OLBIL.OncologyWebApp\OLBIL.OncologyWebApp.csproj", "{A6437B19-3BC5-4819-8D9C-993C71F52EE7}"
EndProject
Project("{9A19103F-16F7-4668-BE54-9A1E7A4F7556}") = "OLBIL.OncologyDomain", "OLBIL.OncologyDomain\OLBIL.OncologyDomain.csproj", "{4A1C8916-3779-4BC9-9E8C-21D267110912}"
EndProject
Project("{9A19103F-16F7-4668-BE54-9A1E7A4F7556}") = "OLBIL.OncologyApplication", "OLBIL.OncologyApplication\OLBIL.OncologyApplication.csproj", "{5D1A8D31-391A-472F-91D4-4F210B6C4E7B}"
EndProject
Project("{2150E333-8FDC-42A3-9474-1A3956D46DE8}") = "Testing", "Testing", "{4133AE9C-E045-45B3-92A5-8521AA186FE6}"
EndProject
Project("{2150E333-8FDC-42A3-9474-1A3956D46DE8}") = "Source", "Source", "{EA138A44-CD88-42F1-BAAA-F9ACD6BB48AD}"
EndProject
Project("{9A19103F-16F7-4668-BE54-9A1E7A4F7556}") = "OLBIL.OncologyTests", "OLBIL.OncologyTests\OLBIL.OncologyTests.csproj", "{9F4E55C0-92A5-43AC-971A-D9745B0E4291}"
EndProject
Project("{9A19103F-16F7-4668-BE54-9A1E7A4F7556}") = "OLBIL.OncologyData", "OLBIL.OncologyData\OLBIL.OncologyData.csproj", "{694AE303-FCBD-4011-AA72-6AD0128D4B85}"
EndProject
Project("{9A19103F-16F7-4668-BE54-9A1E7A4F7556}") = "OLBIL.Common", "OLBIL.Common\OLBIL.Common.csproj", "{BD241DF5-CCFF-4D67-9ACF-2716B6F88B96}"
EndProject
Project("{9A19103F-16F7-4668-BE54-9A1E7A4F7556}") = "OLBIL.OncologyCrossCutting", "OLBIL.OncologyCrossCutting\OLBIL.OncologyCrossCutting.csproj", "{B6BFBEAD-7460-4F24-BE23-F836E330C38F}"
EndProject
Global
	GlobalSection(SolutionConfigurationPlatforms) = preSolution
		Debug|Any CPU = Debug|Any CPU
		Release|Any CPU = Release|Any CPU
	EndGlobalSection
	GlobalSection(ProjectConfigurationPlatforms) = postSolution
		{A6437B19-3BC5-4819-8D9C-993C71F52EE7}.Debug|Any CPU.ActiveCfg = Debug|Any CPU
		{A6437B19-3BC5-4819-8D9C-993C71F52EE7}.Debug|Any CPU.Build.0 = Debug|Any CPU
		{A6437B19-3BC5-4819-8D9C-993C71F52EE7}.Release|Any CPU.ActiveCfg = Release|Any CPU
		{A6437B19-3BC5-4819-8D9C-993C71F52EE7}.Release|Any CPU.Build.0 = Release|Any CPU
		{4A1C8916-3779-4BC9-9E8C-21D267110912}.Debug|Any CPU.ActiveCfg = Debug|Any CPU
		{4A1C8916-3779-4BC9-9E8C-21D267110912}.Debug|Any CPU.Build.0 = Debug|Any CPU
		{4A1C8916-3779-4BC9-9E8C-21D267110912}.Release|Any CPU.ActiveCfg = Release|Any CPU
		{4A1C8916-3779-4BC9-9E8C-21D267110912}.Release|Any CPU.Build.0 = Release|Any CPU
		{5D1A8D31-391A-472F-91D4-4F210B6C4E7B}.Debug|Any CPU.ActiveCfg = Debug|Any CPU
		{5D1A8D31-391A-472F-91D4-4F210B6C4E7B}.Debug|Any CPU.Build.0 = Debug|Any CPU
		{5D1A8D31-391A-472F-91D4-4F210B6C4E7B}.Release|Any CPU.ActiveCfg = Release|Any CPU
		{5D1A8D31-391A-472F-91D4-4F210B6C4E7B}.Release|Any CPU.Build.0 = Release|Any CPU
		{9F4E55C0-92A5-43AC-971A-D9745B0E4291}.Debug|Any CPU.ActiveCfg = Debug|Any CPU
		{9F4E55C0-92A5-43AC-971A-D9745B0E4291}.Debug|Any CPU.Build.0 = Debug|Any CPU
		{9F4E55C0-92A5-43AC-971A-D9745B0E4291}.Release|Any CPU.ActiveCfg = Release|Any CPU
		{9F4E55C0-92A5-43AC-971A-D9745B0E4291}.Release|Any CPU.Build.0 = Release|Any CPU
		{694AE303-FCBD-4011-AA72-6AD0128D4B85}.Debug|Any CPU.ActiveCfg = Debug|Any CPU
		{694AE303-FCBD-4011-AA72-6AD0128D4B85}.Debug|Any CPU.Build.0 = Debug|Any CPU
		{694AE303-FCBD-4011-AA72-6AD0128D4B85}.Release|Any CPU.ActiveCfg = Release|Any CPU
		{694AE303-FCBD-4011-AA72-6AD0128D4B85}.Release|Any CPU.Build.0 = Release|Any CPU
		{BD241DF5-CCFF-4D67-9ACF-2716B6F88B96}.Debug|Any CPU.ActiveCfg = Debug|Any CPU
		{BD241DF5-CCFF-4D67-9ACF-2716B6F88B96}.Debug|Any CPU.Build.0 = Debug|Any CPU
		{BD241DF5-CCFF-4D67-9ACF-2716B6F88B96}.Release|Any CPU.ActiveCfg = Release|Any CPU
		{BD241DF5-CCFF-4D67-9ACF-2716B6F88B96}.Release|Any CPU.Build.0 = Release|Any CPU
		{B6BFBEAD-7460-4F24-BE23-F836E330C38F}.Debug|Any CPU.ActiveCfg = Debug|Any CPU
		{B6BFBEAD-7460-4F24-BE23-F836E330C38F}.Debug|Any CPU.Build.0 = Debug|Any CPU
		{B6BFBEAD-7460-4F24-BE23-F836E330C38F}.Release|Any CPU.ActiveCfg = Release|Any CPU
		{B6BFBEAD-7460-4F24-BE23-F836E330C38F}.Release|Any CPU.Build.0 = Release|Any CPU
	EndGlobalSection
	GlobalSection(SolutionProperties) = preSolution
		HideSolutionNode = FALSE
	EndGlobalSection
	GlobalSection(NestedProjects) = preSolution
		{A6437B19-3BC5-4819-8D9C-993C71F52EE7} = {EA138A44-CD88-42F1-BAAA-F9ACD6BB48AD}
		{4A1C8916-3779-4BC9-9E8C-21D267110912} = {EA138A44-CD88-42F1-BAAA-F9ACD6BB48AD}
		{5D1A8D31-391A-472F-91D4-4F210B6C4E7B} = {EA138A44-CD88-42F1-BAAA-F9ACD6BB48AD}
		{9F4E55C0-92A5-43AC-971A-D9745B0E4291} = {4133AE9C-E045-45B3-92A5-8521AA186FE6}
		{694AE303-FCBD-4011-AA72-6AD0128D4B85} = {EA138A44-CD88-42F1-BAAA-F9ACD6BB48AD}
		{BD241DF5-CCFF-4D67-9ACF-2716B6F88B96} = {EA138A44-CD88-42F1-BAAA-F9ACD6BB48AD}
		{B6BFBEAD-7460-4F24-BE23-F836E330C38F} = {EA138A44-CD88-42F1-BAAA-F9ACD6BB48AD}
	EndGlobalSection
	GlobalSection(ExtensibilityGlobals) = postSolution
		SolutionGuid = {C61A9772-8169-4FC6-B91A-D763D753C39B}
	EndGlobalSection
EndGlobal
